{
  "originHash" : "c68f3b868a47e6e50e3aaa34260eeb84c9d08dfdbc115acd50594211e69cfd1f",
  "pins" : [
    {
      "identity" : "snapkit",
      "kind" : "remoteSourceControl",
      "location" : "https://github.com/SnapKit/SnapKit.git",
      "state" : {
        "revision" : "2842e6e84e82eb9a8dac0100ca90d9444b0307f4",
        "version" : "5.7.1"
      }
    },
    {
      "identity" : "tinymoon",
      "kind" : "remoteSourceControl",
      "location" : "https://github.com/mannylopez/TinyMoon.git",
      "state" : {
        "revision" : "e77760dc163941ec84d4aea80bd3d0178fc18c32",
        "version" : "3.0.0"
      }
    }
  ],
  "version" : 3
}
