// !$*UTF8*$!
{
	archiveVersion = 1;
	classes = {
	};
	objectVersion = 56;
	objects = {

/* Begin PBXBuildFile section */
		57156B082C66B8BF00F8130D /* SnapKit in Frameworks */ = {isa = PBXBuildFile; productRef = 57156B072C66B8BF00F8130D /* SnapKit */; };
		57156B0A2C66BA6D00F8130D /* UIView + Ext.swift in Sources */ = {isa = PBXBuildFile; fileRef = 57156B092C66BA6D00F8130D /* UIView + Ext.swift */; };
		57156B0C2C66BAC100F8130D /* BaseTableViewCell.swift in Sources */ = {isa = PBXBuildFile; fileRef = 57156B0B2C66BAC100F8130D /* BaseTableViewCell.swift */; };
		57156B122C66BC0400F8130D /* MeteorTableViewCell.swift in Sources */ = {isa = PBXBuildFile; fileRef = 57156B0F2C66BC0400F8130D /* MeteorTableViewCell.swift */; };
		57156B152C67EEE700F8130D /* TinyMoon in Frameworks */ = {isa = PBXBuildFile; productRef = 57156B142C67EEE700F8130D /* TinyMoon */; };
		57156B172C67EF2C00F8130D /* MeteorView.xib in Resources */ = {isa = PBXBuildFile; fileRef = 57156B162C67EF2C00F8130D /* MeteorView.xib */; };
		57156B1A2C67EF4500F8130D /* MeteorView.swift in Sources */ = {isa = PBXBuildFile; fileRef = 57156B192C67EF4500F8130D /* MeteorView.swift */; };
		57156B1C2C67FB4A00F8130D /* TopTableViewCell.swift in Sources */ = {isa = PBXBuildFile; fileRef = 57156B1B2C67FB4A00F8130D /* TopTableViewCell.swift */; };
		57FEA4352C66B39C00C83E81 /* AppDelegate.swift in Sources */ = {isa = PBXBuildFile; fileRef = 57FEA4342C66B39C00C83E81 /* AppDelegate.swift */; };
		57FEA4372C66B39C00C83E81 /* SceneDelegate.swift in Sources */ = {isa = PBXBuildFile; fileRef = 57FEA4362C66B39C00C83E81 /* SceneDelegate.swift */; };
		57FEA4392C66B39C00C83E81 /* MainViewController.swift in Sources */ = {isa = PBXBuildFile; fileRef = 57FEA4382C66B39C00C83E81 /* MainViewController.swift */; };
		57FEA43F2C66B39C00C83E81 /* MeteorShowerCalendar.xcdatamodeld in Sources */ = {isa = PBXBuildFile; fileRef = 57FEA43D2C66B39C00C83E81 /* MeteorShowerCalendar.xcdatamodeld */; };
		57FEA4412C66B39E00C83E81 /* Assets.xcassets in Resources */ = {isa = PBXBuildFile; fileRef = 57FEA4402C66B39E00C83E81 /* Assets.xcassets */; };
		57FEA4442C66B39E00C83E81 /* Base in Resources */ = {isa = PBXBuildFile; fileRef = 57FEA4432C66B39E00C83E81 /* Base */; };
/* End PBXBuildFile section */

/* Begin PBXFileReference section */
		57156B092C66BA6D00F8130D /* UIView + Ext.swift */ = {isa = PBXFileReference; lastKnownFileType = sourcecode.swift; path = "UIView + Ext.swift"; sourceTree = "<group>"; };
		57156B0B2C66BAC100F8130D /* BaseTableViewCell.swift */ = {isa = PBXFileReference; lastKnownFileType = sourcecode.swift; path = BaseTableViewCell.swift; sourceTree = "<group>"; };
		57156B0F2C66BC0400F8130D /* MeteorTableViewCell.swift */ = {isa = PBXFileReference; lastKnownFileType = sourcecode.swift; path = MeteorTableViewCell.swift; sourceTree = "<group>"; };
		57156B162C67EF2C00F8130D /* MeteorView.xib */ = {isa = PBXFileReference; lastKnownFileType = file.xib; path = MeteorView.xib; sourceTree = "<group>"; };
		57156B192C67EF4500F8130D /* MeteorView.swift */ = {isa = PBXFileReference; lastKnownFileType = sourcecode.swift; path = MeteorView.swift; sourceTree = "<group>"; };
		57156B1B2C67FB4A00F8130D /* TopTableViewCell.swift */ = {isa = PBXFileReference; lastKnownFileType = sourcecode.swift; path = TopTableViewCell.swift; sourceTree = "<group>"; };
		57FEA4312C66B39C00C83E81 /* MeteorShowerCalendar.app */ = {isa = PBXFileReference; explicitFileType = wrapper.application; includeInIndex = 0; path = MeteorShowerCalendar.app; sourceTree = BUILT_PRODUCTS_DIR; };
		57FEA4342C66B39C00C83E81 /* AppDelegate.swift */ = {isa = PBXFileReference; lastKnownFileType = sourcecode.swift; path = AppDelegate.swift; sourceTree = "<group>"; };
		57FEA4362C66B39C00C83E81 /* SceneDelegate.swift */ = {isa = PBXFileReference; lastKnownFileType = sourcecode.swift; path = SceneDelegate.swift; sourceTree = "<group>"; };
		57FEA4382C66B39C00C83E81 /* MainViewController.swift */ = {isa = PBXFileReference; lastKnownFileType = sourcecode.swift; path = MainViewController.swift; sourceTree = "<group>"; };
		57FEA43E2C66B39C00C83E81 /* MeteorShowerCalendar.xcdatamodel */ = {isa = PBXFileReference; lastKnownFileType = wrapper.xcdatamodel; path = MeteorShowerCalendar.xcdatamodel; sourceTree = "<group>"; };
		57FEA4402C66B39E00C83E81 /* Assets.xcassets */ = {isa = PBXFileReference; lastKnownFileType = folder.assetcatalog; path = Assets.xcassets; sourceTree = "<group>"; };
		57FEA4432C66B39E00C83E81 /* Base */ = {isa = PBXFileReference; lastKnownFileType = file.storyboard; name = Base; path = Base.lproj/LaunchScreen.storyboard; sourceTree = "<group>"; };
		57FEA4452C66B39E00C83E81 /* Info.plist */ = {isa = PBXFileReference; lastKnownFileType = text.plist.xml; path = Info.plist; sourceTree = "<group>"; };
/* End PBXFileReference section */

/* Begin PBXFrameworksBuildPhase section */
		57FEA42E2C66B39C00C83E81 /* Frameworks */ = {
			isa = PBXFrameworksBuildPhase;
			buildActionMask = 2147483647;
			files = (
				57156B082C66B8BF00F8130D /* SnapKit in Frameworks */,
				57156B152C67EEE700F8130D /* TinyMoon in Frameworks */,
			);
			runOnlyForDeploymentPostprocessing = 0;
		};
/* End PBXFrameworksBuildPhase section */

/* Begin PBXGroup section */
		57156B022C66B7D600F8130D /* Supporting */ = {
			isa = PBXGroup;
			children = (
				57FEA4342C66B39C00C83E81 /* AppDelegate.swift */,
				57FEA4362C66B39C00C83E81 /* SceneDelegate.swift */,
				57FEA4452C66B39E00C83E81 /* Info.plist */,
			);
			path = Supporting;
			sourceTree = "<group>";
		};
		57156B032C66B85C00F8130D /* ViewControllers */ = {
			isa = PBXGroup;
			children = (
				57FEA4382C66B39C00C83E81 /* MainViewController.swift */,
			);
			path = ViewControllers;
			sourceTree = "<group>";
		};
		57156B042C66B87700F8130D /* Resources */ = {
			isa = PBXGroup;
			children = (
				57FEA4402C66B39E00C83E81 /* Assets.xcassets */,
			);
			path = Resources;
			sourceTree = "<group>";
		};
		57156B052C66B88F00F8130D /* Storyboards */ = {
			isa = PBXGroup;
			children = (
				57FEA4422C66B39E00C83E81 /* LaunchScreen.storyboard */,
			);
			path = Storyboards;
			sourceTree = "<group>";
		};
		57156B0D2C66BAD900F8130D /* Extensions */ = {
			isa = PBXGroup;
			children = (
				57156B092C66BA6D00F8130D /* UIView + Ext.swift */,
			);
			path = Extensions;
			sourceTree = "<group>";
		};
		57156B0E2C66BAE800F8130D /* TableViewCells */ = {
			isa = PBXGroup;
			children = (
				57156B0B2C66BAC100F8130D /* BaseTableViewCell.swift */,
				57156B0F2C66BC0400F8130D /* MeteorTableViewCell.swift */,
				57156B1B2C67FB4A00F8130D /* TopTableViewCell.swift */,
			);
			path = TableViewCells;
			sourceTree = "<group>";
		};
		57156B182C67EF3100F8130D /* Views */ = {
			isa = PBXGroup;
			children = (
				57156B162C67EF2C00F8130D /* MeteorView.xib */,
				57156B192C67EF4500F8130D /* MeteorView.swift */,
			);
			path = Views;
			sourceTree = "<group>";
		};
		57FEA4282C66B39C00C83E81 = {
			isa = PBXGroup;
			children = (
				57FEA4332C66B39C00C83E81 /* MeteorShowerCalendar */,
				57FEA4322C66B39C00C83E81 /* Products */,
			);
			sourceTree = "<group>";
		};
		57FEA4322C66B39C00C83E81 /* Products */ = {
			isa = PBXGroup;
			children = (
				57FEA4312C66B39C00C83E81 /* MeteorShowerCalendar.app */,
			);
			name = Products;
			sourceTree = "<group>";
		};
		57FEA4332C66B39C00C83E81 /* MeteorShowerCalendar */ = {
			isa = PBXGroup;
			children = (
				57156B022C66B7D600F8130D /* Supporting */,
				57156B032C66B85C00F8130D /* ViewControllers */,
				57156B042C66B87700F8130D /* Resources */,
				57156B052C66B88F00F8130D /* Storyboards */,
				57FEA43D2C66B39C00C83E81 /* MeteorShowerCalendar.xcdatamodeld */,
				57156B0D2C66BAD900F8130D /* Extensions */,
				57156B0E2C66BAE800F8130D /* TableViewCells */,
				57156B182C67EF3100F8130D /* Views */,
			);
			path = MeteorShowerCalendar;
			sourceTree = "<group>";
		};
/* End PBXGroup section */

/* Begin PBXNativeTarget section */
		57FEA4302C66B39C00C83E81 /* MeteorShowerCalendar */ = {
			isa = PBXNativeTarget;
			buildConfigurationList = 57FEA4482C66B39E00C83E81 /* Build configuration list for PBXNativeTarget "MeteorShowerCalendar" */;
			buildPhases = (
				57FEA42D2C66B39C00C83E81 /* Sources */,
				57FEA42E2C66B39C00C83E81 /* Frameworks */,
				57FEA42F2C66B39C00C83E81 /* Resources */,
			);
			buildRules = (
			);
			dependencies = (
			);
			name = MeteorShowerCalendar;
			packageProductDependencies = (
				57156B072C66B8BF00F8130D /* SnapKit */,
				57156B142C67EEE700F8130D /* TinyMoon */,
			);
			productName = MeteorShowerCalendar;
			productReference = 57FEA4312C66B39C00C83E81 /* MeteorShowerCalendar.app */;
			productType = "com.apple.product-type.application";
		};
/* End PBXNativeTarget section */

/* Begin PBXProject section */
		57FEA4292C66B39C00C83E81 /* Project object */ = {
			isa = PBXProject;
			attributes = {
				BuildIndependentTargetsInParallel = 1;
				LastSwiftUpdateCheck = 1540;
				LastUpgradeCheck = 1540;
				TargetAttributes = {
					57FEA4302C66B39C00C83E81 = {
						CreatedOnToolsVersion = 15.4;
					};
				};
			};
			buildConfigurationList = 57FEA42C2C66B39C00C83E81 /* Build configuration list for PBXProject "MeteorShowerCalendar" */;
			compatibilityVersion = "Xcode 14.0";
			developmentRegion = en;
			hasScannedForEncodings = 0;
			knownRegions = (
				en,
				Base,
			);
			mainGroup = 57FEA4282C66B39C00C83E81;
			packageReferences = (
				57156B062C66B8BF00F8130D /* XCRemoteSwiftPackageReference "SnapKit" */,
				57156B132C67EEE700F8130D /* XCRemoteSwiftPackageReference "TinyMoon" */,
			);
			productRefGroup = 57FEA4322C66B39C00C83E81 /* Products */;
			projectDirPath = "";
			projectRoot = "";
			targets = (
				57FEA4302C66B39C00C83E81 /* MeteorShowerCalendar */,
			);
		};
/* End PBXProject section */

/* Begin PBXResourcesBuildPhase section */
		57FEA42F2C66B39C00C83E81 /* Resources */ = {
			isa = PBXResourcesBuildPhase;
			buildActionMask = 2147483647;
			files = (
				57FEA4412C66B39E00C83E81 /* Assets.xcassets in Resources */,
				57FEA4442C66B39E00C83E81 /* Base in Resources */,
				57156B172C67EF2C00F8130D /* MeteorView.xib in Resources */,
			);
			runOnlyForDeploymentPostprocessing = 0;
		};
/* End PBXResourcesBuildPhase section */

/* Begin PBXSourcesBuildPhase section */
		57FEA42D2C66B39C00C83E81 /* Sources */ = {
			isa = PBXSourcesBuildPhase;
			buildActionMask = 2147483647;
			files = (
				57156B0A2C66BA6D00F8130D /* UIView + Ext.swift in Sources */,
				57FEA4392C66B39C00C83E81 /* MainViewController.swift in Sources */,
				57156B1A2C67EF4500F8130D /* MeteorView.swift in Sources */,
				57FEA43F2C66B39C00C83E81 /* MeteorShowerCalendar.xcdatamodeld in Sources */,
				57FEA4352C66B39C00C83E81 /* AppDelegate.swift in Sources */,
				57156B0C2C66BAC100F8130D /* BaseTableViewCell.swift in Sources */,
				57156B122C66BC0400F8130D /* MeteorTableViewCell.swift in Sources */,
				57FEA4372C66B39C00C83E81 /* SceneDelegate.swift in Sources */,
				57156B1C2C67FB4A00F8130D /* TopTableViewCell.swift in Sources */,
			);
			runOnlyForDeploymentPostprocessing = 0;
		};
/* End PBXSourcesBuildPhase section */

/* Begin PBXVariantGroup section */
		57FEA4422C66B39E00C83E81 /* LaunchScreen.storyboard */ = {
			isa = PBXVariantGroup;
			children = (
				57FEA4432C66B39E00C83E81 /* Base */,
			);
			name = LaunchScreen.storyboard;
			sourceTree = "<group>";
		};
/* End PBXVariantGroup section */

/* Begin XCBuildConfiguration section */
		57FEA4462C66B39E00C83E81 /* Debug */ = {
			isa = XCBuildConfiguration;
			buildSettings = {
				ALWAYS_SEARCH_USER_PATHS = NO;
				ASSETCATALOG_COMPILER_GENERATE_SWIFT_ASSET_SYMBOL_EXTENSIONS = YES;
				CLANG_ANALYZER_NONNULL = YES;
				CLANG_ANALYZER_NUMBER_OBJECT_CONVERSION = YES_AGGRESSIVE;
				CLANG_CXX_LANGUAGE_STANDARD = "gnu++20";
				CLANG_ENABLE_MODULES = YES;
				CLANG_ENABLE_OBJC_ARC = YES;
				CLANG_ENABLE_OBJC_WEAK = YES;
				CLANG_WARN_BLOCK_CAPTURE_AUTORELEASING = YES;
				CLANG_WARN_BOOL_CONVERSION = YES;
				CLANG_WARN_COMMA = YES;
				CLANG_WARN_CONSTANT_CONVERSION = YES;
				CLANG_WARN_DEPRECATED_OBJC_IMPLEMENTATIONS = YES;
				CLANG_WARN_DIRECT_OBJC_ISA_USAGE = YES_ERROR;
				CLANG_WARN_DOCUMENTATION_COMMENTS = YES;
				CLANG_WARN_EMPTY_BODY = YES;
				CLANG_WARN_ENUM_CONVERSION = YES;
				CLANG_WARN_INFINITE_RECURSION = YES;
				CLANG_WARN_INT_CONVERSION = YES;
				CLANG_WARN_NON_LITERAL_NULL_CONVERSION = YES;
				CLANG_WARN_OBJC_IMPLICIT_RETAIN_SELF = YES;
				CLANG_WARN_OBJC_LITERAL_CONVERSION = YES;
				CLANG_WARN_OBJC_ROOT_CLASS = YES_ERROR;
				CLANG_WARN_QUOTED_INCLUDE_IN_FRAMEWORK_HEADER = YES;
				CLANG_WARN_RANGE_LOOP_ANALYSIS = YES;
				CLANG_WARN_STRICT_PROTOTYPES = YES;
				CLANG_WARN_SUSPICIOUS_MOVE = YES;
				CLANG_WARN_UNGUARDED_AVAILABILITY = YES_AGGRESSIVE;
				CLANG_WARN_UNREACHABLE_CODE = YES;
				CLANG_WARN__DUPLICATE_METHOD_MATCH = YES;
				COPY_PHASE_STRIP = NO;
				DEBUG_INFORMATION_FORMAT = dwarf;
				ENABLE_STRICT_OBJC_MSGSEND = YES;
				ENABLE_TESTABILITY = YES;
				ENABLE_USER_SCRIPT_SANDBOXING = YES;
				GCC_C_LANGUAGE_STANDARD = gnu17;
				GCC_DYNAMIC_NO_PIC = NO;
				GCC_NO_COMMON_BLOCKS = YES;
				GCC_OPTIMIZATION_LEVEL = 0;
				GCC_PREPROCESSOR_DEFINITIONS = (
					"DEBUG=1",
					"$(inherited)",
				);
				GCC_WARN_64_TO_32_BIT_CONVERSION = YES;
				GCC_WARN_ABOUT_RETURN_TYPE = YES_ERROR;
				GCC_WARN_UNDECLARED_SELECTOR = YES;
				GCC_WARN_UNINITIALIZED_AUTOS = YES_AGGRESSIVE;
				GCC_WARN_UNUSED_FUNCTION = YES;
				GCC_WARN_UNUSED_VARIABLE = YES;
				IPHONEOS_DEPLOYMENT_TARGET = 17.5;
				LOCALIZATION_PREFERS_STRING_CATALOGS = YES;
				MTL_ENABLE_DEBUG_INFO = INCLUDE_SOURCE;
				MTL_FAST_MATH = YES;
				ONLY_ACTIVE_ARCH = YES;
				SDKROOT = iphoneos;
				SWIFT_ACTIVE_COMPILATION_CONDITIONS = "DEBUG $(inherited)";
				SWIFT_OPTIMIZATION_LEVEL = "-Onone";
			};
			name = Debug;
		};
		57FEA4472C66B39E00C83E81 /* Release */ = {
			isa = XCBuildConfiguration;
			buildSettings = {
				ALWAYS_SEARCH_USER_PATHS = NO;
				ASSETCATALOG_COMPILER_GENERATE_SWIFT_ASSET_SYMBOL_EXTENSIONS = YES;
				CLANG_ANALYZER_NONNULL = YES;
				CLANG_ANALYZER_NUMBER_OBJECT_CONVERSION = YES_AGGRESSIVE;
				CLANG_CXX_LANGUAGE_STANDARD = "gnu++20";
				CLANG_ENABLE_MODULES = YES;
				CLANG_ENABLE_OBJC_ARC = YES;
				CLANG_ENABLE_OBJC_WEAK = YES;
				CLANG_WARN_BLOCK_CAPTURE_AUTORELEASING = YES;
				CLANG_WARN_BOOL_CONVERSION = YES;
				CLANG_WARN_COMMA = YES;
				CLANG_WARN_CONSTANT_CONVERSION = YES;
				CLANG_WARN_DEPRECATED_OBJC_IMPLEMENTATIONS = YES;
				CLANG_WARN_DIRECT_OBJC_ISA_USAGE = YES_ERROR;
				CLANG_WARN_DOCUMENTATION_COMMENTS = YES;
				CLANG_WARN_EMPTY_BODY = YES;
				CLANG_WARN_ENUM_CONVERSION = YES;
				CLANG_WARN_INFINITE_RECURSION = YES;
				CLANG_WARN_INT_CONVERSION = YES;
				CLANG_WARN_NON_LITERAL_NULL_CONVERSION = YES;
				CLANG_WARN_OBJC_IMPLICIT_RETAIN_SELF = YES;
				CLANG_WARN_OBJC_LITERAL_CONVERSION = YES;
				CLANG_WARN_OBJC_ROOT_CLASS = YES_ERROR;
				CLANG_WARN_QUOTED_INCLUDE_IN_FRAMEWORK_HEADER = YES;
				CLANG_WARN_RANGE_LOOP_ANALYSIS = YES;
				CLANG_WARN_STRICT_PROTOTYPES = YES;
				CLANG_WARN_SUSPICIOUS_MOVE = YES;
				CLANG_WARN_UNGUARDED_AVAILABILITY = YES_AGGRESSIVE;
				CLANG_WARN_UNREACHABLE_CODE = YES;
				CLANG_WARN__DUPLICATE_METHOD_MATCH = YES;
				COPY_PHASE_STRIP = NO;
				DEBUG_INFORMATION_FORMAT = "dwarf-with-dsym";
				ENABLE_NS_ASSERTIONS = NO;
				ENABLE_STRICT_OBJC_MSGSEND = YES;
				ENABLE_USER_SCRIPT_SANDBOXING = YES;
				GCC_C_LANGUAGE_STANDARD = gnu17;
				GCC_NO_COMMON_BLOCKS = YES;
				GCC_WARN_64_TO_32_BIT_CONVERSION = YES;
				GCC_WARN_ABOUT_RETURN_TYPE = YES_ERROR;
				GCC_WARN_UNDECLARED_SELECTOR = YES;
				GCC_WARN_UNINITIALIZED_AUTOS = YES_AGGRESSIVE;
				GCC_WARN_UNUSED_FUNCTION = YES;
				GCC_WARN_UNUSED_VARIABLE = YES;
				IPHONEOS_DEPLOYMENT_TARGET = 17.5;
				LOCALIZATION_PREFERS_STRING_CATALOGS = YES;
				MTL_ENABLE_DEBUG_INFO = NO;
				MTL_FAST_MATH = YES;
				SDKROOT = iphoneos;
				SWIFT_COMPILATION_MODE = wholemodule;
				VALIDATE_PRODUCT = YES;
			};
			name = Release;
		};
		57FEA4492C66B39E00C83E81 /* Debug */ = {
			isa = XCBuildConfiguration;
			buildSettings = {
				ASSETCATALOG_COMPILER_APPICON_NAME = AppIcon;
				ASSETCATALOG_COMPILER_GLOBAL_ACCENT_COLOR_NAME = AccentColor;
				CODE_SIGN_STYLE = Automatic;
				CURRENT_PROJECT_VERSION = 1;
				DEVELOPMENT_TEAM = MF7QC2JX3N;
				GENERATE_INFOPLIST_FILE = YES;
				INFOPLIST_FILE = MeteorShowerCalendar/Supporting/Info.plist;
				INFOPLIST_KEY_UIApplicationSupportsIndirectInputEvents = YES;
				INFOPLIST_KEY_UILaunchStoryboardName = LaunchScreen;
				INFOPLIST_KEY_UISupportedInterfaceOrientations_iPad = "UIInterfaceOrientationPortrait UIInterfaceOrientationPortraitUpsideDown UIInterfaceOrientationLandscapeLeft UIInterfaceOrientationLandscapeRight";
				INFOPLIST_KEY_UISupportedInterfaceOrientations_iPhone = "UIInterfaceOrientationPortrait UIInterfaceOrientationLandscapeLeft UIInterfaceOrientationLandscapeRight";
				LD_RUNPATH_SEARCH_PATHS = (
					"$(inherited)",
					"@executable_path/Frameworks",
				);
				MARKETING_VERSION = 1.0;
				PRODUCT_BUNDLE_IDENTIFIER = ru.swiftvibes.MeteorShowerCalendar;
				PRODUCT_NAME = "$(TARGET_NAME)";
				SUPPORTED_PLATFORMS = "iphoneos iphonesimulator";
				SUPPORTS_MACCATALYST = NO;
				SUPPORTS_XR_DESIGNED_FOR_IPHONE_IPAD = NO;
				SWIFT_EMIT_LOC_STRINGS = YES;
				SWIFT_VERSION = 5.0;
				TARGETED_DEVICE_FAMILY = "1,2";
			};
			name = Debug;
		};
		57FEA44A2C66B39E00C83E81 /* Release */ = {
			isa = XCBuildConfiguration;
			buildSettings = {
				ASSETCATALOG_COMPILER_APPICON_NAME = AppIcon;
				ASSETCATALOG_COMPILER_GLOBAL_ACCENT_COLOR_NAME = AccentColor;
				CODE_SIGN_STYLE = Automatic;
				CURRENT_PROJECT_VERSION = 1;
				DEVELOPMENT_TEAM = MF7QC2JX3N;
				GENERATE_INFOPLIST_FILE = YES;
				INFOPLIST_FILE = MeteorShowerCalendar/Supporting/Info.plist;
				INFOPLIST_KEY_UIApplicationSupportsIndirectInputEvents = YES;
				INFOPLIST_KEY_UILaunchStoryboardName = LaunchScreen;
				INFOPLIST_KEY_UISupportedInterfaceOrientations_iPad = "UIInterfaceOrientationPortrait UIInterfaceOrientationPortraitUpsideDown UIInterfaceOrientationLandscapeLeft UIInterfaceOrientationLandscapeRight";
				INFOPLIST_KEY_UISupportedInterfaceOrientations_iPhone = "UIInterfaceOrientationPortrait UIInterfaceOrientationLandscapeLeft UIInterfaceOrientationLandscapeRight";
				LD_RUNPATH_SEARCH_PATHS = (
					"$(inherited)",
					"@executable_path/Frameworks",
				);
				MARKETING_VERSION = 1.0;
				PRODUCT_BUNDLE_IDENTIFIER = ru.swiftvibes.MeteorShowerCalendar;
				PRODUCT_NAME = "$(TARGET_NAME)";
				SUPPORTED_PLATFORMS = "iphoneos iphonesimulator";
				SUPPORTS_MACCATALYST = NO;
				SUPPORTS_XR_DESIGNED_FOR_IPHONE_IPAD = NO;
				SWIFT_EMIT_LOC_STRINGS = YES;
				SWIFT_VERSION = 5.0;
				TARGETED_DEVICE_FAMILY = "1,2";
			};
			name = Release;
		};
/* End XCBuildConfiguration section */

/* Begin XCConfigurationList section */
		57FEA42C2C66B39C00C83E81 /* Build configuration list for PBXProject "MeteorShowerCalendar" */ = {
			isa = XCConfigurationList;
			buildConfigurations = (
				57FEA4462C66B39E00C83E81 /* Debug */,
				57FEA4472C66B39E00C83E81 /* Release */,
			);
			defaultConfigurationIsVisible = 0;
			defaultConfigurationName = Release;
		};
		57FEA4482C66B39E00C83E81 /* Build configuration list for PBXNativeTarget "MeteorShowerCalendar" */ = {
			isa = XCConfigurationList;
			buildConfigurations = (
				57FEA4492C66B39E00C83E81 /* Debug */,
				57FEA44A2C66B39E00C83E81 /* Release */,
			);
			defaultConfigurationIsVisible = 0;
			defaultConfigurationName = Release;
		};
/* End XCConfigurationList section */

/* Begin XCRemoteSwiftPackageReference section */
		57156B062C66B8BF00F8130D /* XCRemoteSwiftPackageReference "SnapKit" */ = {
			isa = XCRemoteSwiftPackageReference;
			repositoryURL = "https://github.com/SnapKit/SnapKit.git";
			requirement = {
				kind = upToNextMajorVersion;
				minimumVersion = 5.7.1;
			};
		};
		57156B132C67EEE700F8130D /* XCRemoteSwiftPackageReference "TinyMoon" */ = {
			isa = XCRemoteSwiftPackageReference;
			repositoryURL = "https://github.com/mannylopez/TinyMoon.git";
			requirement = {
				kind = upToNextMajorVersion;
				minimumVersion = 3.0.0;
			};
		};
/* End XCRemoteSwiftPackageReference section */

/* Begin XCSwiftPackageProductDependency section */
		57156B072C66B8BF00F8130D /* SnapKit */ = {
			isa = XCSwiftPackageProductDependency;
			package = 57156B062C66B8BF00F8130D /* XCRemoteSwiftPackageReference "SnapKit" */;
			productName = SnapKit;
		};
		57156B142C67EEE700F8130D /* TinyMoon */ = {
			isa = XCSwiftPackageProductDependency;
			package = 57156B132C67EEE700F8130D /* XCRemoteSwiftPackageReference "TinyMoon" */;
			productName = TinyMoon;
		};
/* End XCSwiftPackageProductDependency section */

/* Begin XCVersionGroup section */
		57FEA43D2C66B39C00C83E81 /* MeteorShowerCalendar.xcdatamodeld */ = {
			isa = XCVersionGroup;
			children = (
				57FEA43E2C66B39C00C83E81 /* MeteorShowerCalendar.xcdatamodel */,
			);
			currentVersion = 57FEA43E2C66B39C00C83E81 /* MeteorShowerCalendar.xcdatamodel */;
			path = MeteorShowerCalendar.xcdatamodeld;
			sourceTree = "<group>";
			versionGroupType = wrapper.xcdatamodel;
		};
/* End XCVersionGroup section */
	};
	rootObject = 57FEA4292C66B39C00C83E81 /* Project object */;
}
